// !$*UTF8*$!
{
	archiveVersion = 1;
	classes = {
	};
	objectVersion = 56;
	objects = {

/* Begin PBXBuildFile section */
		989048292B03D5170027ADF1 /* AppDelegate.swift in Sources */ = {isa = PBXBuildFile; fileRef = 989048282B03D5170027ADF1 /* AppDelegate.swift */; };
		9890482B2B03D5170027ADF1 /* SceneDelegate.swift in Sources */ = {isa = PBXBuildFile; fileRef = 9890482A2B03D5170027ADF1 /* SceneDelegate.swift */; };
		9890482D2B03D5170027ADF1 /* ViewController.swift in Sources */ = {isa = PBXBuildFile; fileRef = 9890482C2B03D5170027ADF1 /* ViewController.swift */; };
		989048302B03D5170027ADF1 /* Main.storyboard in Resources */ = {isa = PBXBuildFile; fileRef = 9890482E2B03D5170027ADF1 /* Main.storyboard */; };
		989048322B03D5180027ADF1 /* Assets.xcassets in Resources */ = {isa = PBXBuildFile; fileRef = 989048312B03D5180027ADF1 /* Assets.xcassets */; };
		989048352B03D5180027ADF1 /* LaunchScreen.storyboard in Resources */ = {isa = PBXBuildFile; fileRef = 989048332B03D5180027ADF1 /* LaunchScreen.storyboard */; };
		989048402B03D5180027ADF1 /* __2Tests.swift in Sources */ = {isa = PBXBuildFile; fileRef = 9890483F2B03D5180027ADF1 /* __2Tests.swift */; };
		9890484A2B03D5180027ADF1 /* __2UITests.swift in Sources */ = {isa = PBXBuildFile; fileRef = 989048492B03D5180027ADF1 /* __2UITests.swift */; };
		9890484C2B03D5180027ADF1 /* __2UITestsLaunchTests.swift in Sources */ = {isa = PBXBuildFile; fileRef = 9890484B2B03D5180027ADF1 /* __2UITestsLaunchTests.swift */; };
/* End PBXBuildFile section */

/* Begin PBXContainerItemProxy section */
		9890483C2B03D5180027ADF1 /* PBXContainerItemProxy */ = {
			isa = PBXContainerItemProxy;
			containerPortal = 9890481D2B03D5170027ADF1 /* Project object */;
			proxyType = 1;
			remoteGlobalIDString = 989048242B03D5170027ADF1;
			remoteInfo = 1.2;
		};
		989048462B03D5180027ADF1 /* PBXContainerItemProxy */ = {
			isa = PBXContainerItemProxy;
			containerPortal = 9890481D2B03D5170027ADF1 /* Project object */;
			proxyType = 1;
			remoteGlobalIDString = 989048242B03D5170027ADF1;
			remoteInfo = 1.2;
		};
/* End PBXContainerItemProxy section */

/* Begin PBXFileReference section */
		989048252B03D5170027ADF1 /* 1.2.app */ = {isa = PBXFileReference; explicitFileType = wrapper.application; includeInIndex = 0; path = 1.2.app; sourceTree = BUILT_PRODUCTS_DIR; };
		989048282B03D5170027ADF1 /* AppDelegate.swift */ = {isa = PBXFileReference; lastKnownFileType = sourcecode.swift; path = AppDelegate.swift; sourceTree = "<group>"; };
		9890482A2B03D5170027ADF1 /* SceneDelegate.swift */ = {isa = PBXFileReference; lastKnownFileType = sourcecode.swift; path = SceneDelegate.swift; sourceTree = "<group>"; };
		9890482C2B03D5170027ADF1 /* ViewController.swift */ = {isa = PBXFileReference; lastKnownFileType = sourcecode.swift; path = ViewController.swift; sourceTree = "<group>"; };
		9890482F2B03D5170027ADF1 /* Base */ = {isa = PBXFileReference; lastKnownFileType = file.storyboard; name = Base; path = Base.lproj/Main.storyboard; sourceTree = "<group>"; };
		989048312B03D5180027ADF1 /* Assets.xcassets */ = {isa = PBXFileReference; lastKnownFileType = folder.assetcatalog; path = Assets.xcassets; sourceTree = "<group>"; };
		989048342B03D5180027ADF1 /* Base */ = {isa = PBXFileReference; lastKnownFileType = file.storyboard; name = Base; path = Base.lproj/LaunchScreen.storyboard; sourceTree = "<group>"; };
		989048362B03D5180027ADF1 /* Info.plist */ = {isa = PBXFileReference; lastKnownFileType = text.plist.xml; path = Info.plist; sourceTree = "<group>"; };
		9890483B2B03D5180027ADF1 /* 1.2Tests.xctest */ = {isa = PBXFileReference; explicitFileType = wrapper.cfbundle; includeInIndex = 0; path = 1.2Tests.xctest; sourceTree = BUILT_PRODUCTS_DIR; };
		9890483F2B03D5180027ADF1 /* __2Tests.swift */ = {isa = PBXFileReference; lastKnownFileType = sourcecode.swift; path = __2Tests.swift; sourceTree = "<group>"; };
		989048452B03D5180027ADF1 /* 1.2UITests.xctest */ = {isa = PBXFileReference; explicitFileType = wrapper.cfbundle; includeInIndex = 0; path = 1.2UITests.xctest; sourceTree = BUILT_PRODUCTS_DIR; };
		989048492B03D5180027ADF1 /* __2UITests.swift */ = {isa = PBXFileReference; lastKnownFileType = sourcecode.swift; path = __2UITests.swift; sourceTree = "<group>"; };
		9890484B2B03D5180027ADF1 /* __2UITestsLaunchTests.swift */ = {isa = PBXFileReference; lastKnownFileType = sourcecode.swift; path = __2UITestsLaunchTests.swift; sourceTree = "<group>"; };
/* End PBXFileReference section */

/* Begin PBXFrameworksBuildPhase section */
		989048222B03D5170027ADF1 /* Frameworks */ = {
			isa = PBXFrameworksBuildPhase;
			buildActionMask = 2147483647;
			files = (
			);
			runOnlyForDeploymentPostprocessing = 0;
		};
		989048382B03D5180027ADF1 /* Frameworks */ = {
			isa = PBXFrameworksBuildPhase;
			buildActionMask = 2147483647;
			files = (
			);
			runOnlyForDeploymentPostprocessing = 0;
		};
		989048422B03D5180027ADF1 /* Frameworks */ = {
			isa = PBXFrameworksBuildPhase;
			buildActionMask = 2147483647;
			files = (
			);
			runOnlyForDeploymentPostprocessing = 0;
		};
/* End PBXFrameworksBuildPhase section */

/* Begin PBXGroup section */
		9890481C2B03D5170027ADF1 = {
			isa = PBXGroup;
			children = (
				989048272B03D5170027ADF1 /* 1.2 */,
				9890483E2B03D5180027ADF1 /* 1.2Tests */,
				989048482B03D5180027ADF1 /* 1.2UITests */,
				989048262B03D5170027ADF1 /* Products */,
			);
			sourceTree = "<group>";
		};
		989048262B03D5170027ADF1 /* Products */ = {
			isa = PBXGroup;
			children = (
				989048252B03D5170027ADF1 /* 1.2.app */,
				9890483B2B03D5180027ADF1 /* 1.2Tests.xctest */,
				989048452B03D5180027ADF1 /* 1.2UITests.xctest */,
			);
			name = Products;
			sourceTree = "<group>";
		};
		989048272B03D5170027ADF1 /* 1.2 */ = {
			isa = PBXGroup;
			children = (
				989048282B03D5170027ADF1 /* AppDelegate.swift */,
				9890482A2B03D5170027ADF1 /* SceneDelegate.swift */,
				9890482C2B03D5170027ADF1 /* ViewController.swift */,
				9890482E2B03D5170027ADF1 /* Main.storyboard */,
				989048312B03D5180027ADF1 /* Assets.xcassets */,
				989048332B03D5180027ADF1 /* LaunchScreen.storyboard */,
				989048362B03D5180027ADF1 /* Info.plist */,
			);
			path = 1.2;
			sourceTree = "<group>";
		};
		9890483E2B03D5180027ADF1 /* 1.2Tests */ = {
			isa = PBXGroup;
			children = (
				9890483F2B03D5180027ADF1 /* __2Tests.swift */,
			);
			path = 1.2Tests;
			sourceTree = "<group>";
		};
		989048482B03D5180027ADF1 /* 1.2UITests */ = {
			isa = PBXGroup;
			children = (
				989048492B03D5180027ADF1 /* __2UITests.swift */,
				9890484B2B03D5180027ADF1 /* __2UITestsLaunchTests.swift */,
			);
			path = 1.2UITests;
			sourceTree = "<group>";
		};
/* End PBXGroup section */

/* Begin PBXNativeTarget section */
		989048242B03D5170027ADF1 /* 1.2 */ = {
			isa = PBXNativeTarget;
			buildConfigurationList = 9890484F2B03D5180027ADF1 /* Build configuration list for PBXNativeTarget "1.2" */;
			buildPhases = (
				989048212B03D5170027ADF1 /* Sources */,
				989048222B03D5170027ADF1 /* Frameworks */,
				989048232B03D5170027ADF1 /* Resources */,
			);
			buildRules = (
			);
			dependencies = (
			);
			name = 1.2;
			productName = 1.2;
			productReference = 989048252B03D5170027ADF1 /* 1.2.app */;
			productType = "com.apple.product-type.application";
		};
		9890483A2B03D5180027ADF1 /* 1.2Tests */ = {
			isa = PBXNativeTarget;
			buildConfigurationList = 989048522B03D5180027ADF1 /* Build configuration list for PBXNativeTarget "1.2Tests" */;
			buildPhases = (
				989048372B03D5180027ADF1 /* Sources */,
				989048382B03D5180027ADF1 /* Frameworks */,
				989048392B03D5180027ADF1 /* Resources */,
			);
			buildRules = (
			);
			dependencies = (
				9890483D2B03D5180027ADF1 /* PBXTargetDependency */,
			);
			name = 1.2Tests;
			productName = 1.2Tests;
			productReference = 9890483B2B03D5180027ADF1 /* 1.2Tests.xctest */;
			productType = "com.apple.product-type.bundle.unit-test";
		};
		989048442B03D5180027ADF1 /* 1.2UITests */ = {
			isa = PBXNativeTarget;
			buildConfigurationList = 989048552B03D5180027ADF1 /* Build configuration list for PBXNativeTarget "1.2UITests" */;
			buildPhases = (
				989048412B03D5180027ADF1 /* Sources */,
				989048422B03D5180027ADF1 /* Frameworks */,
				989048432B03D5180027ADF1 /* Resources */,
			);
			buildRules = (
			);
			dependencies = (
				989048472B03D5180027ADF1 /* PBXTargetDependency */,
			);
			name = 1.2UITests;
			productName = 1.2UITests;
			productReference = 989048452B03D5180027ADF1 /* 1.2UITests.xctest */;
			productType = "com.apple.product-type.bundle.ui-testing";
		};
/* End PBXNativeTarget section */

/* Begin PBXProject section */
		9890481D2B03D5170027ADF1 /* Project object */ = {
			isa = PBXProject;
			attributes = {
				BuildIndependentTargetsInParallel = 1;
				LastSwiftUpdateCheck = 1500;
				LastUpgradeCheck = 1500;
				TargetAttributes = {
					989048242B03D5170027ADF1 = {
						CreatedOnToolsVersion = 15.0.1;
					};
					9890483A2B03D5180027ADF1 = {
						CreatedOnToolsVersion = 15.0.1;
						TestTargetID = 989048242B03D5170027ADF1;
					};
					989048442B03D5180027ADF1 = {
						CreatedOnToolsVersion = 15.0.1;
						TestTargetID = 989048242B03D5170027ADF1;
					};
				};
			};
			buildConfigurationList = 989048202B03D5170027ADF1 /* Build configuration list for PBXProject "1.2" */;
			compatibilityVersion = "Xcode 14.0";
			developmentRegion = en;
			hasScannedForEncodings = 0;
			knownRegions = (
				en,
				Base,
			);
			mainGroup = 9890481C2B03D5170027ADF1;
			productRefGroup = 989048262B03D5170027ADF1 /* Products */;
			projectDirPath = "";
			projectRoot = "";
			targets = (
				989048242B03D5170027ADF1 /* 1.2 */,
				9890483A2B03D5180027ADF1 /* 1.2Tests */,
				989048442B03D5180027ADF1 /* 1.2UITests */,
			);
		};
/* End PBXProject section */

/* Begin PBXResourcesBuildPhase section */
		989048232B03D5170027ADF1 /* Resources */ = {
			isa = PBXResourcesBuildPhase;
			buildActionMask = 2147483647;
			files = (
				989048352B03D5180027ADF1 /* LaunchScreen.storyboard in Resources */,
				989048322B03D5180027ADF1 /* Assets.xcassets in Resources */,
				989048302B03D5170027ADF1 /* Main.storyboard in Resources */,
			);
			runOnlyForDeploymentPostprocessing = 0;
		};
		989048392B03D5180027ADF1 /* Resources */ = {
			isa = PBXResourcesBuildPhase;
			buildActionMask = 2147483647;
			files = (
			);
			runOnlyForDeploymentPostprocessing = 0;
		};
		989048432B03D5180027ADF1 /* Resources */ = {
			isa = PBXResourcesBuildPhase;
			buildActionMask = 2147483647;
			files = (
			);
			runOnlyForDeploymentPostprocessing = 0;
		};
/* End PBXResourcesBuildPhase section */

/* Begin PBXSourcesBuildPhase section */
		989048212B03D5170027ADF1 /* Sources */ = {
			isa = PBXSourcesBuildPhase;
			buildActionMask = 2147483647;
			files = (
				9890482D2B03D5170027ADF1 /* ViewController.swift in Sources */,
				989048292B03D5170027ADF1 /* AppDelegate.swift in Sources */,
				9890482B2B03D5170027ADF1 /* SceneDelegate.swift in Sources */,
			);
			runOnlyForDeploymentPostprocessing = 0;
		};
		989048372B03D5180027ADF1 /* Sources */ = {
			isa = PBXSourcesBuildPhase;
			buildActionMask = 2147483647;
			files = (
				989048402B03D5180027ADF1 /* __2Tests.swift in Sources */,
			);
			runOnlyForDeploymentPostprocessing = 0;
		};
		989048412B03D5180027ADF1 /* Sources */ = {
			isa = PBXSourcesBuildPhase;
			buildActionMask = 2147483647;
			files = (
				9890484A2B03D5180027ADF1 /* __2UITests.swift in Sources */,
				9890484C2B03D5180027ADF1 /* __2UITestsLaunchTests.swift in Sources */,
			);
			runOnlyForDeploymentPostprocessing = 0;
		};
/* End PBXSourcesBuildPhase section */

/* Begin PBXTargetDependency section */
		9890483D2B03D5180027ADF1 /* PBXTargetDependency */ = {
			isa = PBXTargetDependency;
			target = 989048242B03D5170027ADF1 /* 1.2 */;
			targetProxy = 9890483C2B03D5180027ADF1 /* PBXContainerItemProxy */;
		};
		989048472B03D5180027ADF1 /* PBXTargetDependency */ = {
			isa = PBXTargetDependency;
			target = 989048242B03D5170027ADF1 /* 1.2 */;
			targetProxy = 989048462B03D5180027ADF1 /* PBXContainerItemProxy */;
		};
/* End PBXTargetDependency section */

/* Begin PBXVariantGroup section */
		9890482E2B03D5170027ADF1 /* Main.storyboard */ = {
			isa = PBXVariantGroup;
			children = (
				9890482F2B03D5170027ADF1 /* Base */,
			);
			name = Main.storyboard;
			sourceTree = "<group>";
		};
		989048332B03D5180027ADF1 /* LaunchScreen.storyboard */ = {
			isa = PBXVariantGroup;
			children = (
				989048342B03D5180027ADF1 /* Base */,
			);
			name = LaunchScreen.storyboard;
			sourceTree = "<group>";
		};
/* End PBXVariantGroup section */

/* Begin XCBuildConfiguration section */
		9890484D2B03D5180027ADF1 /* Debug */ = {
			isa = XCBuildConfiguration;
			buildSettings = {
				ALWAYS_SEARCH_USER_PATHS = NO;
				ASSETCATALOG_COMPILER_GENERATE_SWIFT_ASSET_SYMBOL_EXTENSIONS = YES;
				CLANG_ANALYZER_NONNULL = YES;
				CLANG_ANALYZER_NUMBER_OBJECT_CONVERSION = YES_AGGRESSIVE;
				CLANG_CXX_LANGUAGE_STANDARD = "gnu++20";
				CLANG_ENABLE_MODULES = YES;
				CLANG_ENABLE_OBJC_ARC = YES;
				CLANG_ENABLE_OBJC_WEAK = YES;
				CLANG_WARN_BLOCK_CAPTURE_AUTORELEASING = YES;
				CLANG_WARN_BOOL_CONVERSION = YES;
				CLANG_WARN_COMMA = YES;
				CLANG_WARN_CONSTANT_CONVERSION = YES;
				CLANG_WARN_DEPRECATED_OBJC_IMPLEMENTATIONS = YES;
				CLANG_WARN_DIRECT_OBJC_ISA_USAGE = YES_ERROR;
				CLANG_WARN_DOCUMENTATION_COMMENTS = YES;
				CLANG_WARN_EMPTY_BODY = YES;
				CLANG_WARN_ENUM_CONVERSION = YES;
				CLANG_WARN_INFINITE_RECURSION = YES;
				CLANG_WARN_INT_CONVERSION = YES;
				CLANG_WARN_NON_LITERAL_NULL_CONVERSION = YES;
				CLANG_WARN_OBJC_IMPLICIT_RETAIN_SELF = YES;
				CLANG_WARN_OBJC_LITERAL_CONVERSION = YES;
				CLANG_WARN_OBJC_ROOT_CLASS = YES_ERROR;
				CLANG_WARN_QUOTED_INCLUDE_IN_FRAMEWORK_HEADER = YES;
				CLANG_WARN_RANGE_LOOP_ANALYSIS = YES;
				CLANG_WARN_STRICT_PROTOTYPES = YES;
				CLANG_WARN_SUSPICIOUS_MOVE = YES;
				CLANG_WARN_UNGUARDED_AVAILABILITY = YES_AGGRESSIVE;
				CLANG_WARN_UNREACHABLE_CODE = YES;
				CLANG_WARN__DUPLICATE_METHOD_MATCH = YES;
				COPY_PHASE_STRIP = NO;
				DEBUG_INFORMATION_FORMAT = dwarf;
				ENABLE_STRICT_OBJC_MSGSEND = YES;
				ENABLE_TESTABILITY = YES;
				ENABLE_USER_SCRIPT_SANDBOXING = YES;
				GCC_C_LANGUAGE_STANDARD = gnu17;
				GCC_DYNAMIC_NO_PIC = NO;
				GCC_NO_COMMON_BLOCKS = YES;
				GCC_OPTIMIZATION_LEVEL = 0;
				GCC_PREPROCESSOR_DEFINITIONS = (
					"DEBUG=1",
					"$(inherited)",
				);
				GCC_WARN_64_TO_32_BIT_CONVERSION = YES;
				GCC_WARN_ABOUT_RETURN_TYPE = YES_ERROR;
				GCC_WARN_UNDECLARED_SELECTOR = YES;
				GCC_WARN_UNINITIALIZED_AUTOS = YES_AGGRESSIVE;
				GCC_WARN_UNUSED_FUNCTION = YES;
				GCC_WARN_UNUSED_VARIABLE = YES;
				IPHONEOS_DEPLOYMENT_TARGET = 17.0;
				LOCALIZATION_PREFERS_STRING_CATALOGS = YES;
				MTL_ENABLE_DEBUG_INFO = INCLUDE_SOURCE;
				MTL_FAST_MATH = YES;
				ONLY_ACTIVE_ARCH = YES;
				SDKROOT = iphoneos;
				SWIFT_ACTIVE_COMPILATION_CONDITIONS = "DEBUG $(inherited)";
				SWIFT_OPTIMIZATION_LEVEL = "-Onone";
			};
			name = Debug;
		};
		9890484E2B03D5180027ADF1 /* Release */ = {
			isa = XCBuildConfiguration;
			buildSettings = {
				ALWAYS_SEARCH_USER_PATHS = NO;
				ASSETCATALOG_COMPILER_GENERATE_SWIFT_ASSET_SYMBOL_EXTENSIONS = YES;
				CLANG_ANALYZER_NONNULL = YES;
				CLANG_ANALYZER_NUMBER_OBJECT_CONVERSION = YES_AGGRESSIVE;
				CLANG_CXX_LANGUAGE_STANDARD = "gnu++20";
				CLANG_ENABLE_MODULES = YES;
				CLANG_ENABLE_OBJC_ARC = YES;
				CLANG_ENABLE_OBJC_WEAK = YES;
				CLANG_WARN_BLOCK_CAPTURE_AUTORELEASING = YES;
				CLANG_WARN_BOOL_CONVERSION = YES;
				CLANG_WARN_COMMA = YES;
				CLANG_WARN_CONSTANT_CONVERSION = YES;
				CLANG_WARN_DEPRECATED_OBJC_IMPLEMENTATIONS = YES;
				CLANG_WARN_DIRECT_OBJC_ISA_USAGE = YES_ERROR;
				CLANG_WARN_DOCUMENTATION_COMMENTS = YES;
				CLANG_WARN_EMPTY_BODY = YES;
				CLANG_WARN_ENUM_CONVERSION = YES;
				CLANG_WARN_INFINITE_RECURSION = YES;
				CLANG_WARN_INT_CONVERSION = YES;
				CLANG_WARN_NON_LITERAL_NULL_CONVERSION = YES;
				CLANG_WARN_OBJC_IMPLICIT_RETAIN_SELF = YES;
				CLANG_WARN_OBJC_LITERAL_CONVERSION = YES;
				CLANG_WARN_OBJC_ROOT_CLASS = YES_ERROR;
				CLANG_WARN_QUOTED_INCLUDE_IN_FRAMEWORK_HEADER = YES;
				CLANG_WARN_RANGE_LOOP_ANALYSIS = YES;
				CLANG_WARN_STRICT_PROTOTYPES = YES;
				CLANG_WARN_SUSPICIOUS_MOVE = YES;
				CLANG_WARN_UNGUARDED_AVAILABILITY = YES_AGGRESSIVE;
				CLANG_WARN_UNREACHABLE_CODE = YES;
				CLANG_WARN__DUPLICATE_METHOD_MATCH = YES;
				COPY_PHASE_STRIP = NO;
				DEBUG_INFORMATION_FORMAT = "dwarf-with-dsym";
				ENABLE_NS_ASSERTIONS = NO;
				ENABLE_STRICT_OBJC_MSGSEND = YES;
				ENABLE_USER_SCRIPT_SANDBOXING = YES;
				GCC_C_LANGUAGE_STANDARD = gnu17;
				GCC_NO_COMMON_BLOCKS = YES;
				GCC_WARN_64_TO_32_BIT_CONVERSION = YES;
				GCC_WARN_ABOUT_RETURN_TYPE = YES_ERROR;
				GCC_WARN_UNDECLARED_SELECTOR = YES;
				GCC_WARN_UNINITIALIZED_AUTOS = YES_AGGRESSIVE;
				GCC_WARN_UNUSED_FUNCTION = YES;
				GCC_WARN_UNUSED_VARIABLE = YES;
				IPHONEOS_DEPLOYMENT_TARGET = 17.0;
				LOCALIZATION_PREFERS_STRING_CATALOGS = YES;
				MTL_ENABLE_DEBUG_INFO = NO;
				MTL_FAST_MATH = YES;
				SDKROOT = iphoneos;
				SWIFT_COMPILATION_MODE = wholemodule;
				VALIDATE_PRODUCT = YES;
			};
			name = Release;
		};
		989048502B03D5180027ADF1 /* Debug */ = {
			isa = XCBuildConfiguration;
			buildSettings = {
				ASSETCATALOG_COMPILER_APPICON_NAME = AppIcon;
				ASSETCATALOG_COMPILER_GLOBAL_ACCENT_COLOR_NAME = AccentColor;
				CODE_SIGN_STYLE = Automatic;
				CURRENT_PROJECT_VERSION = 1;
				DEVELOPMENT_TEAM = DTWYGD5HP5;
				GENERATE_INFOPLIST_FILE = YES;
				INFOPLIST_FILE = 1.2/Info.plist;
				INFOPLIST_KEY_UIApplicationSupportsIndirectInputEvents = YES;
				INFOPLIST_KEY_UILaunchStoryboardName = LaunchScreen;
				INFOPLIST_KEY_UIMainStoryboardFile = Main;
				INFOPLIST_KEY_UISupportedInterfaceOrientations_iPad = "UIInterfaceOrientationPortrait UIInterfaceOrientationPortraitUpsideDown UIInterfaceOrientationLandscapeLeft UIInterfaceOrientationLandscapeRight";
				INFOPLIST_KEY_UISupportedInterfaceOrientations_iPhone = "UIInterfaceOrientationPortrait UIInterfaceOrientationLandscapeLeft UIInterfaceOrientationLandscapeRight";
				LD_RUNPATH_SEARCH_PATHS = (
					"$(inherited)",
					"@executable_path/Frameworks",
				);
				MARKETING_VERSION = 1.0;
				PRODUCT_BUNDLE_IDENTIFIER = "com.yarenkob-mail.ru.--2";
				PRODUCT_NAME = "$(TARGET_NAME)";
				SWIFT_EMIT_LOC_STRINGS = YES;
				SWIFT_VERSION = 5.0;
				TARGETED_DEVICE_FAMILY = "1,2";
			};
			name = Debug;
		};
		989048512B03D5180027ADF1 /* Release */ = {
			isa = XCBuildConfiguration;
			buildSettings = {
				ASSETCATALOG_COMPILER_APPICON_NAME = AppIcon;
				ASSETCATALOG_COMPILER_GLOBAL_ACCENT_COLOR_NAME = AccentColor;
				CODE_SIGN_STYLE = Automatic;
				CURRENT_PROJECT_VERSION = 1;
				DEVELOPMENT_TEAM = DTWYGD5HP5;
				GENERATE_INFOPLIST_FILE = YES;
				INFOPLIST_FILE = 1.2/Info.plist;
				INFOPLIST_KEY_UIApplicationSupportsIndirectInputEvents = YES;
				INFOPLIST_KEY_UILaunchStoryboardName = LaunchScreen;
				INFOPLIST_KEY_UIMainStoryboardFile = Main;
				INFOPLIST_KEY_UISupportedInterfaceOrientations_iPad = "UIInterfaceOrientationPortrait UIInterfaceOrientationPortraitUpsideDown UIInterfaceOrientationLandscapeLeft UIInterfaceOrientationLandscapeRight";
				INFOPLIST_KEY_UISupportedInterfaceOrientations_iPhone = "UIInterfaceOrientationPortrait UIInterfaceOrientationLandscapeLeft UIInterfaceOrientationLandscapeRight";
				LD_RUNPATH_SEARCH_PATHS = (
					"$(inherited)",
					"@executable_path/Frameworks",
				);
				MARKETING_VERSION = 1.0;
				PRODUCT_BUNDLE_IDENTIFIER = "com.yarenkob-mail.ru.--2";
				PRODUCT_NAME = "$(TARGET_NAME)";
				SWIFT_EMIT_LOC_STRINGS = YES;
				SWIFT_VERSION = 5.0;
				TARGETED_DEVICE_FAMILY = "1,2";
			};
			name = Release;
		};
		989048532B03D5180027ADF1 /* Debug */ = {
			isa = XCBuildConfiguration;
			buildSettings = {
				ALWAYS_EMBED_SWIFT_STANDARD_LIBRARIES = YES;
				BUNDLE_LOADER = "$(TEST_HOST)";
				CODE_SIGN_STYLE = Automatic;
				CURRENT_PROJECT_VERSION = 1;
				DEVELOPMENT_TEAM = DTWYGD5HP5;
				GENERATE_INFOPLIST_FILE = YES;
				IPHONEOS_DEPLOYMENT_TARGET = 17.0;
				MARKETING_VERSION = 1.0;
				PRODUCT_BUNDLE_IDENTIFIER = "com.yarenkob-mail.ru.--2Tests";
				PRODUCT_NAME = "$(TARGET_NAME)";
				SWIFT_EMIT_LOC_STRINGS = NO;
				SWIFT_VERSION = 5.0;
				TARGETED_DEVICE_FAMILY = "1,2";
				TEST_HOST = "$(BUILT_PRODUCTS_DIR)/1.2.app/$(BUNDLE_EXECUTABLE_FOLDER_PATH)/1.2";
			};
			name = Debug;
		};
		989048542B03D5180027ADF1 /* Release */ = {
			isa = XCBuildConfiguration;
			buildSettings = {
				ALWAYS_EMBED_SWIFT_STANDARD_LIBRARIES = YES;
				BUNDLE_LOADER = "$(TEST_HOST)";
				CODE_SIGN_STYLE = Automatic;
				CURRENT_PROJECT_VERSION = 1;
				DEVELOPMENT_TEAM = DTWYGD5HP5;
				GENERATE_INFOPLIST_FILE = YES;
				IPHONEOS_DEPLOYMENT_TARGET = 17.0;
				MARKETING_VERSION = 1.0;
				PRODUCT_BUNDLE_IDENTIFIER = "com.yarenkob-mail.ru.--2Tests";
				PRODUCT_NAME = "$(TARGET_NAME)";
				SWIFT_EMIT_LOC_STRINGS = NO;
				SWIFT_VERSION = 5.0;
				TARGETED_DEVICE_FAMILY = "1,2";
				TEST_HOST = "$(BUILT_PRODUCTS_DIR)/1.2.app/$(BUNDLE_EXECUTABLE_FOLDER_PATH)/1.2";
			};
			name = Release;
		};
		989048562B03D5180027ADF1 /* Debug */ = {
			isa = XCBuildConfiguration;
			buildSettings = {
				ALWAYS_EMBED_SWIFT_STANDARD_LIBRARIES = YES;
				CODE_SIGN_STYLE = Automatic;
				CURRENT_PROJECT_VERSION = 1;
				DEVELOPMENT_TEAM = DTWYGD5HP5;
				GENERATE_INFOPLIST_FILE = YES;
				MARKETING_VERSION = 1.0;
				PRODUCT_BUNDLE_IDENTIFIER = "com.yarenkob-mail.ru.--2UITests";
				PRODUCT_NAME = "$(TARGET_NAME)";
				SWIFT_EMIT_LOC_STRINGS = NO;
				SWIFT_VERSION = 5.0;
				TARGETED_DEVICE_FAMILY = "1,2";
				TEST_TARGET_NAME = 1.2;
			};
			name = Debug;
		};
		989048572B03D5180027ADF1 /* Release */ = {
			isa = XCBuildConfiguration;
			buildSettings = {
				ALWAYS_EMBED_SWIFT_STANDARD_LIBRARIES = YES;
				CODE_SIGN_STYLE = Automatic;
				CURRENT_PROJECT_VERSION = 1;
				DEVELOPMENT_TEAM = DTWYGD5HP5;
				GENERATE_INFOPLIST_FILE = YES;
				MARKETING_VERSION = 1.0;
				PRODUCT_BUNDLE_IDENTIFIER = "com.yarenkob-mail.ru.--2UITests";
				PRODUCT_NAME = "$(TARGET_NAME)";
				SWIFT_EMIT_LOC_STRINGS = NO;
				SWIFT_VERSION = 5.0;
				TARGETED_DEVICE_FAMILY = "1,2";
				TEST_TARGET_NAME = 1.2;
			};
			name = Release;
		};
/* End XCBuildConfiguration section */

/* Begin XCConfigurationList section */
		989048202B03D5170027ADF1 /* Build configuration list for PBXProject "1.2" */ = {
			isa = XCConfigurationList;
			buildConfigurations = (
				9890484D2B03D5180027ADF1 /* Debug */,
				9890484E2B03D5180027ADF1 /* Release */,
			);
			defaultConfigurationIsVisible = 0;
			defaultConfigurationName = Release;
		};
		9890484F2B03D5180027ADF1 /* Build configuration list for PBXNativeTarget "1.2" */ = {
			isa = XCConfigurationList;
			buildConfigurations = (
				989048502B03D5180027ADF1 /* Debug */,
				989048512B03D5180027ADF1 /* Release */,
			);
			defaultConfigurationIsVisible = 0;
			defaultConfigurationName = Release;
		};
		989048522B03D5180027ADF1 /* Build configuration list for PBXNativeTarget "1.2Tests" */ = {
			isa = XCConfigurationList;
			buildConfigurations = (
				989048532B03D5180027ADF1 /* Debug */,
				989048542B03D5180027ADF1 /* Release */,
			);
			defaultConfigurationIsVisible = 0;
			defaultConfigurationName = Release;
		};
		989048552B03D5180027ADF1 /* Build configuration list for PBXNativeTarget "1.2UITests" */ = {
			isa = XCConfigurationList;
			buildConfigurations = (
				989048562B03D5180027ADF1 /* Debug */,
				989048572B03D5180027ADF1 /* Release */,
			);
			defaultConfigurationIsVisible = 0;
			defaultConfigurationName = Release;
		};
/* End XCConfigurationList section */
	};
	rootObject = 9890481D2B03D5170027ADF1 /* Project object */;
}
